
Microsoft Visual Studio Solution File, Format Version 12.00
# Visual Studio Version 17
VisualStudioVersion = 17.10.34818.151
MinimumVisualStudioVersion = 10.0.40219.1
Project("{FAE04EC0-301F-11D3-BF4B-00C04F79EFBC}") = "SimpleTaskManager", "SimpleTaskManager.csproj", "{BB77D8AA-18BC-4090-9079-B86FBE1939BB}"
EndProject
Global
	GlobalSection(SolutionConfigurationPlatforms) = preSolution
		Debug|Any CPU = Debug|Any CPU
		Release|Any CPU = Release|Any CPU
	EndGlobalSection
	GlobalSection(ProjectConfigurationPlatforms) = postSolution
		{BB77D8AA-18BC-4090-9079-B86FBE1939BB}.Debug|Any CPU.ActiveCfg = Debug|Any CPU
		{BB77D8AA-18BC-4090-9079-B86FBE1939BB}.Debug|Any CPU.Build.0 = Debug|Any CPU
		{BB77D8AA-18BC-4090-9079-B86FBE1939BB}.Release|Any CPU.ActiveCfg = Release|Any CPU
		{BB77D8AA-18BC-4090-9079-B86FBE1939BB}.Release|Any CPU.Build.0 = Release|Any CPU
	EndGlobalSection
	GlobalSection(SolutionProperties) = preSolution
		HideSolutionNode = FALSE
	EndGlobalSection
	GlobalSection(ExtensibilityGlobals) = postSolution
		SolutionGuid = {0D0DA065-2617-4289-8F0A-E6F0ED42B76F}
	EndGlobalSection
EndGlobal
